// !$*UTF8*$!
{
	archiveVersion = 1;
	classes = {
	};
	objectVersion = 50;
	objects = {

/* Begin PBXBuildFile section */
		C30A7F83219CF46B00011981 /* AssistedInjectionTests.swift in Sources */ = {isa = PBXBuildFile; fileRef = C30A7F82219CF46B00011981 /* AssistedInjectionTests.swift */; };
		C32F6F2C219E5D0D007DF7E2 /* ThrowingProviderTests.swift in Sources */ = {isa = PBXBuildFile; fileRef = C32F6F2B219E5D0D007DF7E2 /* ThrowingProviderTests.swift */; };
		C3B05194219BDF1400762674 /* BinderHelper.swift in Sources */ = {isa = PBXBuildFile; fileRef = C3B05192219BDF1400762674 /* BinderHelper.swift */; };
		C3B05195219BDF1400762674 /* InjectorHelper.swift in Sources */ = {isa = PBXBuildFile; fileRef = C3B05193219BDF1400762674 /* InjectorHelper.swift */; };
		C3B0519A219BE2DF00762674 /* Sip.h in Headers */ = {isa = PBXBuildFile; fileRef = C3CA080521994214000DBFAD /* Sip.h */; settings = {ATTRIBUTES = (Public, ); }; };
		C3B0519C219BE2DF00762674 /* Graph.swift in Sources */ = {isa = PBXBuildFile; fileRef = C3CA082021994343000DBFAD /* Graph.swift */; };
		C3B0519D219BE2DF00762674 /* Validator.swift in Sources */ = {isa = PBXBuildFile; fileRef = C3CA082621994343000DBFAD /* Validator.swift */; };
		C3B0519E219BE2DF00762674 /* Injector.swift in Sources */ = {isa = PBXBuildFile; fileRef = C3CA082321994343000DBFAD /* Injector.swift */; };
		C3B0519F219BE2DF00762674 /* Binder.swift in Sources */ = {isa = PBXBuildFile; fileRef = C3CA082721994343000DBFAD /* Binder.swift */; };
		C3B051A0219BE2DF00762674 /* ProviderProtocol.swift in Sources */ = {isa = PBXBuildFile; fileRef = C3CA082221994343000DBFAD /* ProviderProtocol.swift */; };
		C3B051A1219BE2DF00762674 /* InjectorHelper.swift in Sources */ = {isa = PBXBuildFile; fileRef = C3B05193219BDF1400762674 /* InjectorHelper.swift */; };
		C3B051A2219BE2DF00762674 /* Binding.swift in Sources */ = {isa = PBXBuildFile; fileRef = C3CA082521994343000DBFAD /* Binding.swift */; };
		C3B051A3219BE2DF00762674 /* Module.swift in Sources */ = {isa = PBXBuildFile; fileRef = C3CA082121994343000DBFAD /* Module.swift */; };
		C3B051A4219BE2DF00762674 /* Component.swift in Sources */ = {isa = PBXBuildFile; fileRef = C3CA081E21994342000DBFAD /* Component.swift */; };
		C3B051A5219BE2DF00762674 /* BinderHelper.swift in Sources */ = {isa = PBXBuildFile; fileRef = C3B05192219BDF1400762674 /* BinderHelper.swift */; };
		C3B051A6219BE2DF00762674 /* Sip.swift in Sources */ = {isa = PBXBuildFile; fileRef = C3CA082921994343000DBFAD /* Sip.swift */; };
		C3B051A7219BE2DF00762674 /* Provider.swift in Sources */ = {isa = PBXBuildFile; fileRef = C3CA082A21994343000DBFAD /* Provider.swift */; };
		C3B051A8219BE2DF00762674 /* ScopeBinder.swift in Sources */ = {isa = PBXBuildFile; fileRef = C3CA083B219943B6000DBFAD /* ScopeBinder.swift */; };
		C3B051A9219BE2DF00762674 /* CollectionBinder.swift in Sources */ = {isa = PBXBuildFile; fileRef = C3CA083A219943B6000DBFAD /* CollectionBinder.swift */; };
		C3B051AA219BE2DF00762674 /* Container.swift in Sources */ = {isa = PBXBuildFile; fileRef = C3CA082821994343000DBFAD /* Container.swift */; };
		C3B051AB219BE2DF00762674 /* BinderDecorator.swift in Sources */ = {isa = PBXBuildFile; fileRef = C3CA082421994343000DBFAD /* BinderDecorator.swift */; };
		C3B051AC219BE2DF00762674 /* KeyedBinder.swift in Sources */ = {isa = PBXBuildFile; fileRef = C3CA084321998623000DBFAD /* KeyedBinder.swift */; };
		C3B051AD219BE2DF00762674 /* TaggedBinder.swift in Sources */ = {isa = PBXBuildFile; fileRef = C3CA0839219943B6000DBFAD /* TaggedBinder.swift */; };
		C3B051B6219BF2F200762674 /* TaggedBindingTests.swift in Sources */ = {isa = PBXBuildFile; fileRef = C3B051B5219BF2F200762674 /* TaggedBindingTests.swift */; };
		C3B051B8219BF70300762674 /* ScopeBindingTests.swift in Sources */ = {isa = PBXBuildFile; fileRef = C3B051B7219BF70300762674 /* ScopeBindingTests.swift */; };
		C3B051BA219BFAE000762674 /* CollectionBindingTests.swift in Sources */ = {isa = PBXBuildFile; fileRef = C3B051B9219BFAE000762674 /* CollectionBindingTests.swift */; };
		C3B051BC219C1AB900762674 /* AssistedInjection.swift in Sources */ = {isa = PBXBuildFile; fileRef = C3B051BB219C1AB900762674 /* AssistedInjection.swift */; };
		C3B051BE219C396700762674 /* AssistedInjectionHelper.swift in Sources */ = {isa = PBXBuildFile; fileRef = C3B051BD219C396700762674 /* AssistedInjectionHelper.swift */; };
		C3CA080C21994214000DBFAD /* Sip.framework in Frameworks */ = {isa = PBXBuildFile; fileRef = C3CA080221994214000DBFAD /* Sip.framework */; };
		C3CA081121994214000DBFAD /* SipTests.swift in Sources */ = {isa = PBXBuildFile; fileRef = C3CA081021994214000DBFAD /* SipTests.swift */; };
		C3CA081321994214000DBFAD /* Sip.h in Headers */ = {isa = PBXBuildFile; fileRef = C3CA080521994214000DBFAD /* Sip.h */; settings = {ATTRIBUTES = (Public, ); }; };
		C3CA082C21994343000DBFAD /* Component.swift in Sources */ = {isa = PBXBuildFile; fileRef = C3CA081E21994342000DBFAD /* Component.swift */; };
		C3CA082E21994343000DBFAD /* Graph.swift in Sources */ = {isa = PBXBuildFile; fileRef = C3CA082021994343000DBFAD /* Graph.swift */; };
		C3CA082F21994343000DBFAD /* Module.swift in Sources */ = {isa = PBXBuildFile; fileRef = C3CA082121994343000DBFAD /* Module.swift */; };
		C3CA083021994343000DBFAD /* ProviderProtocol.swift in Sources */ = {isa = PBXBuildFile; fileRef = C3CA082221994343000DBFAD /* ProviderProtocol.swift */; };
		C3CA083121994343000DBFAD /* Injector.swift in Sources */ = {isa = PBXBuildFile; fileRef = C3CA082321994343000DBFAD /* Injector.swift */; };
		C3CA083221994343000DBFAD /* BinderDecorator.swift in Sources */ = {isa = PBXBuildFile; fileRef = C3CA082421994343000DBFAD /* BinderDecorator.swift */; };
		C3CA083321994343000DBFAD /* Binding.swift in Sources */ = {isa = PBXBuildFile; fileRef = C3CA082521994343000DBFAD /* Binding.swift */; };
		C3CA083421994343000DBFAD /* Validator.swift in Sources */ = {isa = PBXBuildFile; fileRef = C3CA082621994343000DBFAD /* Validator.swift */; };
		C3CA083521994343000DBFAD /* Binder.swift in Sources */ = {isa = PBXBuildFile; fileRef = C3CA082721994343000DBFAD /* Binder.swift */; };
		C3CA083621994343000DBFAD /* Container.swift in Sources */ = {isa = PBXBuildFile; fileRef = C3CA082821994343000DBFAD /* Container.swift */; };
		C3CA083721994343000DBFAD /* Sip.swift in Sources */ = {isa = PBXBuildFile; fileRef = C3CA082921994343000DBFAD /* Sip.swift */; };
		C3CA083821994343000DBFAD /* Provider.swift in Sources */ = {isa = PBXBuildFile; fileRef = C3CA082A21994343000DBFAD /* Provider.swift */; };
		C3CA083C219943B6000DBFAD /* TaggedBinder.swift in Sources */ = {isa = PBXBuildFile; fileRef = C3CA0839219943B6000DBFAD /* TaggedBinder.swift */; };
		C3CA083D219943B6000DBFAD /* CollectionBinder.swift in Sources */ = {isa = PBXBuildFile; fileRef = C3CA083A219943B6000DBFAD /* CollectionBinder.swift */; };
		C3CA083E219943B6000DBFAD /* ScopeBinder.swift in Sources */ = {isa = PBXBuildFile; fileRef = C3CA083B219943B6000DBFAD /* ScopeBinder.swift */; };
		C3CA084421998623000DBFAD /* KeyedBinder.swift in Sources */ = {isa = PBXBuildFile; fileRef = C3CA084321998623000DBFAD /* KeyedBinder.swift */; };
		C3CA0863219AB5A4000DBFAD /* main.swift in Sources */ = {isa = PBXBuildFile; fileRef = C3CA0862219AB5A4000DBFAD /* main.swift */; };
/* End PBXBuildFile section */

/* Begin PBXContainerItemProxy section */
		C3CA080D21994214000DBFAD /* PBXContainerItemProxy */ = {
			isa = PBXContainerItemProxy;
			containerPortal = C3CA07F921994214000DBFAD /* Project object */;
			proxyType = 1;
			remoteGlobalIDString = C3CA080121994214000DBFAD;
			remoteInfo = Sip;
		};
/* End PBXContainerItemProxy section */

/* Begin PBXCopyFilesBuildPhase section */
		C3CA085E219AB5A4000DBFAD /* CopyFiles */ = {
			isa = PBXCopyFilesBuildPhase;
			buildActionMask = 2147483647;
			dstPath = /usr/share/man/man1/;
			dstSubfolderSpec = 0;
			files = (
			);
			runOnlyForDeploymentPostprocessing = 1;
		};
/* End PBXCopyFilesBuildPhase section */

/* Begin PBXFileReference section */
		C30A7F82219CF46B00011981 /* AssistedInjectionTests.swift */ = {isa = PBXFileReference; lastKnownFileType = sourcecode.swift; path = AssistedInjectionTests.swift; sourceTree = "<group>"; };
		C32F6F2B219E5D0D007DF7E2 /* ThrowingProviderTests.swift */ = {isa = PBXFileReference; lastKnownFileType = sourcecode.swift; path = ThrowingProviderTests.swift; sourceTree = "<group>"; };
		C3B05192219BDF1400762674 /* BinderHelper.swift */ = {isa = PBXFileReference; fileEncoding = 4; lastKnownFileType = sourcecode.swift; path = BinderHelper.swift; sourceTree = "<group>"; };
		C3B05193219BDF1400762674 /* InjectorHelper.swift */ = {isa = PBXFileReference; fileEncoding = 4; lastKnownFileType = sourcecode.swift; path = InjectorHelper.swift; sourceTree = "<group>"; };
		C3B051B3219BE2DF00762674 /* SipCocoa.framework */ = {isa = PBXFileReference; explicitFileType = wrapper.framework; includeInIndex = 0; path = SipCocoa.framework; sourceTree = BUILT_PRODUCTS_DIR; };
		C3B051B5219BF2F200762674 /* TaggedBindingTests.swift */ = {isa = PBXFileReference; lastKnownFileType = sourcecode.swift; path = TaggedBindingTests.swift; sourceTree = "<group>"; };
		C3B051B7219BF70300762674 /* ScopeBindingTests.swift */ = {isa = PBXFileReference; lastKnownFileType = sourcecode.swift; path = ScopeBindingTests.swift; sourceTree = "<group>"; };
		C3B051B9219BFAE000762674 /* CollectionBindingTests.swift */ = {isa = PBXFileReference; lastKnownFileType = sourcecode.swift; path = CollectionBindingTests.swift; sourceTree = "<group>"; };
		C3B051BB219C1AB900762674 /* AssistedInjection.swift */ = {isa = PBXFileReference; lastKnownFileType = sourcecode.swift; path = AssistedInjection.swift; sourceTree = "<group>"; };
		C3B051BD219C396700762674 /* AssistedInjectionHelper.swift */ = {isa = PBXFileReference; fileEncoding = 4; lastKnownFileType = sourcecode.swift; path = AssistedInjectionHelper.swift; sourceTree = "<group>"; };
		C3CA080221994214000DBFAD /* Sip.framework */ = {isa = PBXFileReference; explicitFileType = wrapper.framework; includeInIndex = 0; path = Sip.framework; sourceTree = BUILT_PRODUCTS_DIR; };
		C3CA080521994214000DBFAD /* Sip.h */ = {isa = PBXFileReference; lastKnownFileType = sourcecode.c.h; path = Sip.h; sourceTree = "<group>"; };
		C3CA080B21994214000DBFAD /* SipTests.xctest */ = {isa = PBXFileReference; explicitFileType = wrapper.cfbundle; includeInIndex = 0; path = SipTests.xctest; sourceTree = BUILT_PRODUCTS_DIR; };
		C3CA081021994214000DBFAD /* SipTests.swift */ = {isa = PBXFileReference; lastKnownFileType = sourcecode.swift; path = SipTests.swift; sourceTree = "<group>"; };
		C3CA081C219942E6000DBFAD /* Sip.playground */ = {isa = PBXFileReference; lastKnownFileType = file.playground; path = Sip.playground; sourceTree = "<group>"; xcLanguageSpecificationIdentifier = xcode.lang.swift; };
		C3CA081E21994342000DBFAD /* Component.swift */ = {isa = PBXFileReference; fileEncoding = 4; lastKnownFileType = sourcecode.swift; path = Component.swift; sourceTree = "<group>"; };
		C3CA082021994343000DBFAD /* Graph.swift */ = {isa = PBXFileReference; fileEncoding = 4; lastKnownFileType = sourcecode.swift; path = Graph.swift; sourceTree = "<group>"; };
		C3CA082121994343000DBFAD /* Module.swift */ = {isa = PBXFileReference; fileEncoding = 4; lastKnownFileType = sourcecode.swift; path = Module.swift; sourceTree = "<group>"; };
		C3CA082221994343000DBFAD /* ProviderProtocol.swift */ = {isa = PBXFileReference; fileEncoding = 4; lastKnownFileType = sourcecode.swift; path = ProviderProtocol.swift; sourceTree = "<group>"; };
		C3CA082321994343000DBFAD /* Injector.swift */ = {isa = PBXFileReference; fileEncoding = 4; lastKnownFileType = sourcecode.swift; path = Injector.swift; sourceTree = "<group>"; };
		C3CA082421994343000DBFAD /* BinderDecorator.swift */ = {isa = PBXFileReference; fileEncoding = 4; lastKnownFileType = sourcecode.swift; path = BinderDecorator.swift; sourceTree = "<group>"; };
		C3CA082521994343000DBFAD /* Binding.swift */ = {isa = PBXFileReference; fileEncoding = 4; lastKnownFileType = sourcecode.swift; path = Binding.swift; sourceTree = "<group>"; };
		C3CA082621994343000DBFAD /* Validator.swift */ = {isa = PBXFileReference; fileEncoding = 4; lastKnownFileType = sourcecode.swift; path = Validator.swift; sourceTree = "<group>"; };
		C3CA082721994343000DBFAD /* Binder.swift */ = {isa = PBXFileReference; fileEncoding = 4; lastKnownFileType = sourcecode.swift; path = Binder.swift; sourceTree = "<group>"; };
		C3CA082821994343000DBFAD /* Container.swift */ = {isa = PBXFileReference; fileEncoding = 4; lastKnownFileType = sourcecode.swift; path = Container.swift; sourceTree = "<group>"; };
		C3CA082921994343000DBFAD /* Sip.swift */ = {isa = PBXFileReference; fileEncoding = 4; lastKnownFileType = sourcecode.swift; path = Sip.swift; sourceTree = "<group>"; };
		C3CA082A21994343000DBFAD /* Provider.swift */ = {isa = PBXFileReference; fileEncoding = 4; lastKnownFileType = sourcecode.swift; path = Provider.swift; sourceTree = "<group>"; };
		C3CA0839219943B6000DBFAD /* TaggedBinder.swift */ = {isa = PBXFileReference; fileEncoding = 4; lastKnownFileType = sourcecode.swift; path = TaggedBinder.swift; sourceTree = "<group>"; };
		C3CA083A219943B6000DBFAD /* CollectionBinder.swift */ = {isa = PBXFileReference; fileEncoding = 4; lastKnownFileType = sourcecode.swift; path = CollectionBinder.swift; sourceTree = "<group>"; };
		C3CA083B219943B6000DBFAD /* ScopeBinder.swift */ = {isa = PBXFileReference; fileEncoding = 4; lastKnownFileType = sourcecode.swift; path = ScopeBinder.swift; sourceTree = "<group>"; };
		C3CA084321998623000DBFAD /* KeyedBinder.swift */ = {isa = PBXFileReference; lastKnownFileType = sourcecode.swift; path = KeyedBinder.swift; sourceTree = "<group>"; };
		C3CA0860219AB5A4000DBFAD /* SipGen */ = {isa = PBXFileReference; explicitFileType = "compiled.mach-o.executable"; includeInIndex = 0; path = SipGen; sourceTree = BUILT_PRODUCTS_DIR; };
		C3CA0862219AB5A4000DBFAD /* main.swift */ = {isa = PBXFileReference; lastKnownFileType = sourcecode.swift; path = main.swift; sourceTree = "<group>"; };
/* End PBXFileReference section */

/* Begin PBXFrameworksBuildPhase section */
		C3B051AE219BE2DF00762674 /* Frameworks */ = {
			isa = PBXFrameworksBuildPhase;
			buildActionMask = 2147483647;
			files = (
			);
			runOnlyForDeploymentPostprocessing = 0;
		};
		C3CA07FF21994214000DBFAD /* Frameworks */ = {
			isa = PBXFrameworksBuildPhase;
			buildActionMask = 2147483647;
			files = (
			);
			runOnlyForDeploymentPostprocessing = 0;
		};
		C3CA080821994214000DBFAD /* Frameworks */ = {
			isa = PBXFrameworksBuildPhase;
			buildActionMask = 2147483647;
			files = (
				C3CA080C21994214000DBFAD /* Sip.framework in Frameworks */,
			);
			runOnlyForDeploymentPostprocessing = 0;
		};
		C3CA085D219AB5A4000DBFAD /* Frameworks */ = {
			isa = PBXFrameworksBuildPhase;
			buildActionMask = 2147483647;
			files = (
			);
			runOnlyForDeploymentPostprocessing = 0;
		};
/* End PBXFrameworksBuildPhase section */

/* Begin PBXGroup section */
		C3B05191219BDEE700762674 /* Generated */ = {
			isa = PBXGroup;
			children = (
				C3B051BD219C396700762674 /* AssistedInjectionHelper.swift */,
				C3B05192219BDF1400762674 /* BinderHelper.swift */,
				C3B05193219BDF1400762674 /* InjectorHelper.swift */,
			);
			path = Generated;
			sourceTree = "<group>";
		};
		C3CA07F821994214000DBFAD = {
			isa = PBXGroup;
			children = (
				C3CA081C219942E6000DBFAD /* Sip.playground */,
				C3CA0861219AB5A4000DBFAD /* SipGen */,
				C3CA080321994214000DBFAD /* Products */,
				C3CA080421994214000DBFAD /* Sip */,
				C3CA080F21994214000DBFAD /* SipTests */,
			);
			sourceTree = "<group>";
		};
		C3CA080321994214000DBFAD /* Products */ = {
			isa = PBXGroup;
			children = (
				C3CA080221994214000DBFAD /* Sip.framework */,
				C3CA080B21994214000DBFAD /* SipTests.xctest */,
				C3CA0860219AB5A4000DBFAD /* SipGen */,
				C3B051B3219BE2DF00762674 /* SipCocoa.framework */,
			);
			name = Products;
			sourceTree = "<group>";
		};
		C3CA080421994214000DBFAD /* Sip */ = {
			isa = PBXGroup;
			children = (
				C3B05191219BDEE700762674 /* Generated */,
				C3CA08422199718D000DBFAD /* Decorator */,
				C3CA080521994214000DBFAD /* Sip.h */,
				C3CA082721994343000DBFAD /* Binder.swift */,
				C3CA082421994343000DBFAD /* BinderDecorator.swift */,
				C3CA082521994343000DBFAD /* Binding.swift */,
				C3CA081E21994342000DBFAD /* Component.swift */,
				C3CA082821994343000DBFAD /* Container.swift */,
				C3CA082021994343000DBFAD /* Graph.swift */,
				C3CA082321994343000DBFAD /* Injector.swift */,
				C3CA082121994343000DBFAD /* Module.swift */,
				C3CA082A21994343000DBFAD /* Provider.swift */,
				C3CA082221994343000DBFAD /* ProviderProtocol.swift */,
				C3CA082921994343000DBFAD /* Sip.swift */,
				C3CA082621994343000DBFAD /* Validator.swift */,
				C3B051BB219C1AB900762674 /* AssistedInjection.swift */,
			);
			path = Sip;
			sourceTree = "<group>";
		};
		C3CA080F21994214000DBFAD /* SipTests */ = {
			isa = PBXGroup;
			children = (
				C3CA081021994214000DBFAD /* SipTests.swift */,
				C3B051B5219BF2F200762674 /* TaggedBindingTests.swift */,
				C3B051B7219BF70300762674 /* ScopeBindingTests.swift */,
				C3B051B9219BFAE000762674 /* CollectionBindingTests.swift */,
				C30A7F82219CF46B00011981 /* AssistedInjectionTests.swift */,
				C32F6F2B219E5D0D007DF7E2 /* ThrowingProviderTests.swift */,
			);
			path = SipTests;
			sourceTree = "<group>";
		};
		C3CA08422199718D000DBFAD /* Decorator */ = {
			isa = PBXGroup;
			children = (
				C3CA083A219943B6000DBFAD /* CollectionBinder.swift */,
				C3CA083B219943B6000DBFAD /* ScopeBinder.swift */,
				C3CA0839219943B6000DBFAD /* TaggedBinder.swift */,
				C3CA084321998623000DBFAD /* KeyedBinder.swift */,
			);
			path = Decorator;
			sourceTree = "<group>";
		};
		C3CA0861219AB5A4000DBFAD /* SipGen */ = {
			isa = PBXGroup;
			children = (
				C3CA0862219AB5A4000DBFAD /* main.swift */,
			);
			path = SipGen;
			sourceTree = "<group>";
		};
/* End PBXGroup section */

/* Begin PBXHeadersBuildPhase section */
		C3B05199219BE2DF00762674 /* Headers */ = {
			isa = PBXHeadersBuildPhase;
			buildActionMask = 2147483647;
			files = (
				C3B0519A219BE2DF00762674 /* Sip.h in Headers */,
			);
			runOnlyForDeploymentPostprocessing = 0;
		};
		C3CA07FD21994214000DBFAD /* Headers */ = {
			isa = PBXHeadersBuildPhase;
			buildActionMask = 2147483647;
			files = (
				C3CA081321994214000DBFAD /* Sip.h in Headers */,
			);
			runOnlyForDeploymentPostprocessing = 0;
		};
/* End PBXHeadersBuildPhase section */

/* Begin PBXNativeTarget section */
		C3B05198219BE2DF00762674 /* SipCocoa */ = {
			isa = PBXNativeTarget;
			buildConfigurationList = C3B051B0219BE2DF00762674 /* Build configuration list for PBXNativeTarget "SipCocoa" */;
			buildPhases = (
				C3B05199219BE2DF00762674 /* Headers */,
				C3B0519B219BE2DF00762674 /* Sources */,
				C3B051AE219BE2DF00762674 /* Frameworks */,
				C3B051AF219BE2DF00762674 /* Resources */,
			);
			buildRules = (
			);
			dependencies = (
			);
			name = SipCocoa;
			productName = Sip;
			productReference = C3B051B3219BE2DF00762674 /* SipCocoa.framework */;
			productType = "com.apple.product-type.framework";
		};
		C3CA080121994214000DBFAD /* Sip */ = {
			isa = PBXNativeTarget;
			buildConfigurationList = C3CA081621994214000DBFAD /* Build configuration list for PBXNativeTarget "Sip" */;
			buildPhases = (
				C3CA07FD21994214000DBFAD /* Headers */,
				C3CA07FE21994214000DBFAD /* Sources */,
				C3CA07FF21994214000DBFAD /* Frameworks */,
				C3CA080021994214000DBFAD /* Resources */,
			);
			buildRules = (
			);
			dependencies = (
			);
			name = Sip;
			productName = Sip;
			productReference = C3CA080221994214000DBFAD /* Sip.framework */;
			productType = "com.apple.product-type.framework";
		};
		C3CA080A21994214000DBFAD /* SipTests */ = {
			isa = PBXNativeTarget;
			buildConfigurationList = C3CA081921994214000DBFAD /* Build configuration list for PBXNativeTarget "SipTests" */;
			buildPhases = (
				C3CA080721994214000DBFAD /* Sources */,
				C3CA080821994214000DBFAD /* Frameworks */,
				C3CA080921994214000DBFAD /* Resources */,
			);
			buildRules = (
			);
			dependencies = (
				C3CA080E21994214000DBFAD /* PBXTargetDependency */,
			);
			name = SipTests;
			productName = SipTests;
			productReference = C3CA080B21994214000DBFAD /* SipTests.xctest */;
			productType = "com.apple.product-type.bundle.unit-test";
		};
		C3CA085F219AB5A4000DBFAD /* SipGen */ = {
			isa = PBXNativeTarget;
			buildConfigurationList = C3CA0866219AB5A4000DBFAD /* Build configuration list for PBXNativeTarget "SipGen" */;
			buildPhases = (
				C3CA085C219AB5A4000DBFAD /* Sources */,
				C3CA085D219AB5A4000DBFAD /* Frameworks */,
				C3CA085E219AB5A4000DBFAD /* CopyFiles */,
			);
			buildRules = (
			);
			dependencies = (
			);
			name = SipGen;
			productName = SipGen;
			productReference = C3CA0860219AB5A4000DBFAD /* SipGen */;
			productType = "com.apple.product-type.tool";
		};
/* End PBXNativeTarget section */

/* Begin PBXProject section */
		C3CA07F921994214000DBFAD /* Project object */ = {
			isa = PBXProject;
			attributes = {
				LastSwiftUpdateCheck = 1010;
				LastUpgradeCheck = 1010;
				ORGANIZATIONNAME = "Cao Viet Dung";
				TargetAttributes = {
					C3CA080121994214000DBFAD = {
						CreatedOnToolsVersion = 10.1;
						LastSwiftMigration = 1010;
					};
					C3CA080A21994214000DBFAD = {
						CreatedOnToolsVersion = 10.1;
					};
					C3CA085F219AB5A4000DBFAD = {
						CreatedOnToolsVersion = 10.1;
					};
				};
			};
			buildConfigurationList = C3CA07FC21994214000DBFAD /* Build configuration list for PBXProject "Sip" */;
			compatibilityVersion = "Xcode 9.3";
			developmentRegion = en;
			hasScannedForEncodings = 0;
			knownRegions = (
				en,
			);
			mainGroup = C3CA07F821994214000DBFAD;
			productRefGroup = C3CA080321994214000DBFAD /* Products */;
			projectDirPath = "";
			projectRoot = "";
			targets = (
				C3CA080121994214000DBFAD /* Sip */,
				C3CA080A21994214000DBFAD /* SipTests */,
				C3CA085F219AB5A4000DBFAD /* SipGen */,
				C3B05198219BE2DF00762674 /* SipCocoa */,
			);
		};
/* End PBXProject section */

/* Begin PBXResourcesBuildPhase section */
		C3B051AF219BE2DF00762674 /* Resources */ = {
			isa = PBXResourcesBuildPhase;
			buildActionMask = 2147483647;
			files = (
			);
			runOnlyForDeploymentPostprocessing = 0;
		};
		C3CA080021994214000DBFAD /* Resources */ = {
			isa = PBXResourcesBuildPhase;
			buildActionMask = 2147483647;
			files = (
			);
			runOnlyForDeploymentPostprocessing = 0;
		};
		C3CA080921994214000DBFAD /* Resources */ = {
			isa = PBXResourcesBuildPhase;
			buildActionMask = 2147483647;
			files = (
			);
			runOnlyForDeploymentPostprocessing = 0;
		};
/* End PBXResourcesBuildPhase section */

/* Begin PBXSourcesBuildPhase section */
		C3B0519B219BE2DF00762674 /* Sources */ = {
			isa = PBXSourcesBuildPhase;
			buildActionMask = 2147483647;
			files = (
				C3B0519C219BE2DF00762674 /* Graph.swift in Sources */,
				C3B0519D219BE2DF00762674 /* Validator.swift in Sources */,
				C3B0519E219BE2DF00762674 /* Injector.swift in Sources */,
				C3B0519F219BE2DF00762674 /* Binder.swift in Sources */,
				C3B051A0219BE2DF00762674 /* ProviderProtocol.swift in Sources */,
				C3B051A1219BE2DF00762674 /* InjectorHelper.swift in Sources */,
				C3B051A2219BE2DF00762674 /* Binding.swift in Sources */,
				C3B051A3219BE2DF00762674 /* Module.swift in Sources */,
				C3B051A4219BE2DF00762674 /* Component.swift in Sources */,
				C3B051A5219BE2DF00762674 /* BinderHelper.swift in Sources */,
				C3B051A6219BE2DF00762674 /* Sip.swift in Sources */,
				C3B051A7219BE2DF00762674 /* Provider.swift in Sources */,
				C3B051A8219BE2DF00762674 /* ScopeBinder.swift in Sources */,
				C3B051A9219BE2DF00762674 /* CollectionBinder.swift in Sources */,
				C3B051AA219BE2DF00762674 /* Container.swift in Sources */,
				C3B051AB219BE2DF00762674 /* BinderDecorator.swift in Sources */,
				C3B051AC219BE2DF00762674 /* KeyedBinder.swift in Sources */,
				C3B051AD219BE2DF00762674 /* TaggedBinder.swift in Sources */,
			);
			runOnlyForDeploymentPostprocessing = 0;
		};
		C3CA07FE21994214000DBFAD /* Sources */ = {
			isa = PBXSourcesBuildPhase;
			buildActionMask = 2147483647;
			files = (
				C3CA082E21994343000DBFAD /* Graph.swift in Sources */,
				C3B051BC219C1AB900762674 /* AssistedInjection.swift in Sources */,
				C3CA083421994343000DBFAD /* Validator.swift in Sources */,
				C3CA083121994343000DBFAD /* Injector.swift in Sources */,
				C3CA083521994343000DBFAD /* Binder.swift in Sources */,
				C3CA083021994343000DBFAD /* ProviderProtocol.swift in Sources */,
				C3B05195219BDF1400762674 /* InjectorHelper.swift in Sources */,
				C3CA083321994343000DBFAD /* Binding.swift in Sources */,
				C3CA082F21994343000DBFAD /* Module.swift in Sources */,
				C3CA082C21994343000DBFAD /* Component.swift in Sources */,
				C3B05194219BDF1400762674 /* BinderHelper.swift in Sources */,
				C3CA083721994343000DBFAD /* Sip.swift in Sources */,
				C3CA083821994343000DBFAD /* Provider.swift in Sources */,
				C3CA083E219943B6000DBFAD /* ScopeBinder.swift in Sources */,
				C3CA083D219943B6000DBFAD /* CollectionBinder.swift in Sources */,
				C3B051BE219C396700762674 /* AssistedInjectionHelper.swift in Sources */,
				C3CA083621994343000DBFAD /* Container.swift in Sources */,
				C3CA083221994343000DBFAD /* BinderDecorator.swift in Sources */,
				C3CA084421998623000DBFAD /* KeyedBinder.swift in Sources */,
				C3CA083C219943B6000DBFAD /* TaggedBinder.swift in Sources */,
			);
			runOnlyForDeploymentPostprocessing = 0;
		};
		C3CA080721994214000DBFAD /* Sources */ = {
			isa = PBXSourcesBuildPhase;
			buildActionMask = 2147483647;
			files = (
				C3CA081121994214000DBFAD /* SipTests.swift in Sources */,
				C30A7F83219CF46B00011981 /* AssistedInjectionTests.swift in Sources */,
				C32F6F2C219E5D0D007DF7E2 /* ThrowingProviderTests.swift in Sources */,
				C3B051BA219BFAE000762674 /* CollectionBindingTests.swift in Sources */,
				C3B051B6219BF2F200762674 /* TaggedBindingTests.swift in Sources */,
				C3B051B8219BF70300762674 /* ScopeBindingTests.swift in Sources */,
			);
			runOnlyForDeploymentPostprocessing = 0;
		};
		C3CA085C219AB5A4000DBFAD /* Sources */ = {
			isa = PBXSourcesBuildPhase;
			buildActionMask = 2147483647;
			files = (
				C3CA0863219AB5A4000DBFAD /* main.swift in Sources */,
			);
			runOnlyForDeploymentPostprocessing = 0;
		};
/* End PBXSourcesBuildPhase section */

/* Begin PBXTargetDependency section */
		C3CA080E21994214000DBFAD /* PBXTargetDependency */ = {
			isa = PBXTargetDependency;
			target = C3CA080121994214000DBFAD /* Sip */;
			targetProxy = C3CA080D21994214000DBFAD /* PBXContainerItemProxy */;
		};
/* End PBXTargetDependency section */

/* Begin XCBuildConfiguration section */
		C3B051B1219BE2DF00762674 /* Debug */ = {
			isa = XCBuildConfiguration;
			buildSettings = {
				CLANG_ENABLE_MODULES = YES;
				CODE_SIGN_IDENTITY = "";
				CODE_SIGN_STYLE = Automatic;
				DEFINES_MODULE = YES;
				DYLIB_COMPATIBILITY_VERSION = 1;
				DYLIB_CURRENT_VERSION = 1;
				DYLIB_INSTALL_NAME_BASE = "@rpath";
				INFOPLIST_FILE = Sip.xcodeproj/SipCocoa_Info.plist;
				INSTALL_PATH = "$(LOCAL_LIBRARY_DIR)/Frameworks";
				LD_RUNPATH_SEARCH_PATHS = (
					"$(inherited)",
					"@executable_path/Frameworks",
					"@loader_path/Frameworks",
				);
				PRODUCT_BUNDLE_IDENTIFIER = vdung.Sip;
				PRODUCT_NAME = "$(TARGET_NAME)";
				SKIP_INSTALL = YES;
				SWIFT_OPTIMIZATION_LEVEL = "-Onone";
				SWIFT_VERSION = 4.2;
				TARGETED_DEVICE_FAMILY = "1,2";
			};
			name = Debug;
		};
		C3B051B2219BE2DF00762674 /* Release */ = {
			isa = XCBuildConfiguration;
			buildSettings = {
				CLANG_ENABLE_MODULES = YES;
				CODE_SIGN_IDENTITY = "";
				CODE_SIGN_STYLE = Automatic;
				DEFINES_MODULE = YES;
				DYLIB_COMPATIBILITY_VERSION = 1;
				DYLIB_CURRENT_VERSION = 1;
				DYLIB_INSTALL_NAME_BASE = "@rpath";
				INFOPLIST_FILE = Sip.xcodeproj/SipCocoa_Info.plist;
				INSTALL_PATH = "$(LOCAL_LIBRARY_DIR)/Frameworks";
				LD_RUNPATH_SEARCH_PATHS = (
					"$(inherited)",
					"@executable_path/Frameworks",
					"@loader_path/Frameworks",
				);
				PRODUCT_BUNDLE_IDENTIFIER = vdung.Sip;
				PRODUCT_NAME = "$(TARGET_NAME)";
				SKIP_INSTALL = YES;
				SWIFT_VERSION = 4.2;
				TARGETED_DEVICE_FAMILY = "1,2";
			};
			name = Release;
		};
		C3CA081421994214000DBFAD /* Debug */ = {
			isa = XCBuildConfiguration;
			buildSettings = {
				ALWAYS_SEARCH_USER_PATHS = NO;
				CLANG_ANALYZER_NONNULL = YES;
				CLANG_ANALYZER_NUMBER_OBJECT_CONVERSION = YES_AGGRESSIVE;
				CLANG_CXX_LANGUAGE_STANDARD = "gnu++14";
				CLANG_CXX_LIBRARY = "libc++";
				CLANG_ENABLE_MODULES = YES;
				CLANG_ENABLE_OBJC_ARC = YES;
				CLANG_ENABLE_OBJC_WEAK = YES;
				CLANG_WARN_BLOCK_CAPTURE_AUTORELEASING = YES;
				CLANG_WARN_BOOL_CONVERSION = YES;
				CLANG_WARN_COMMA = YES;
				CLANG_WARN_CONSTANT_CONVERSION = YES;
				CLANG_WARN_DEPRECATED_OBJC_IMPLEMENTATIONS = YES;
				CLANG_WARN_DIRECT_OBJC_ISA_USAGE = YES_ERROR;
				CLANG_WARN_DOCUMENTATION_COMMENTS = YES;
				CLANG_WARN_EMPTY_BODY = YES;
				CLANG_WARN_ENUM_CONVERSION = YES;
				CLANG_WARN_INFINITE_RECURSION = YES;
				CLANG_WARN_INT_CONVERSION = YES;
				CLANG_WARN_NON_LITERAL_NULL_CONVERSION = YES;
				CLANG_WARN_OBJC_IMPLICIT_RETAIN_SELF = YES;
				CLANG_WARN_OBJC_LITERAL_CONVERSION = YES;
				CLANG_WARN_OBJC_ROOT_CLASS = YES_ERROR;
				CLANG_WARN_RANGE_LOOP_ANALYSIS = YES;
				CLANG_WARN_STRICT_PROTOTYPES = YES;
				CLANG_WARN_SUSPICIOUS_MOVE = YES;
				CLANG_WARN_UNGUARDED_AVAILABILITY = YES_AGGRESSIVE;
				CLANG_WARN_UNREACHABLE_CODE = YES;
				CLANG_WARN__DUPLICATE_METHOD_MATCH = YES;
				CODE_SIGN_IDENTITY = "iPhone Developer";
				COPY_PHASE_STRIP = NO;
				CURRENT_PROJECT_VERSION = 1;
				DEBUG_INFORMATION_FORMAT = dwarf;
				ENABLE_STRICT_OBJC_MSGSEND = YES;
				ENABLE_TESTABILITY = YES;
				GCC_C_LANGUAGE_STANDARD = gnu11;
				GCC_DYNAMIC_NO_PIC = NO;
				GCC_NO_COMMON_BLOCKS = YES;
				GCC_OPTIMIZATION_LEVEL = 0;
				GCC_PREPROCESSOR_DEFINITIONS = (
					"DEBUG=1",
					"$(inherited)",
				);
				GCC_WARN_64_TO_32_BIT_CONVERSION = YES;
				GCC_WARN_ABOUT_RETURN_TYPE = YES_ERROR;
				GCC_WARN_UNDECLARED_SELECTOR = YES;
				GCC_WARN_UNINITIALIZED_AUTOS = YES_AGGRESSIVE;
				GCC_WARN_UNUSED_FUNCTION = YES;
				GCC_WARN_UNUSED_VARIABLE = YES;
				IPHONEOS_DEPLOYMENT_TARGET = 12.1;
				MTL_ENABLE_DEBUG_INFO = INCLUDE_SOURCE;
				MTL_FAST_MATH = YES;
				ONLY_ACTIVE_ARCH = YES;
				SDKROOT = iphoneos;
				SWIFT_ACTIVE_COMPILATION_CONDITIONS = DEBUG;
				SWIFT_OPTIMIZATION_LEVEL = "-Onone";
				VERSIONING_SYSTEM = "apple-generic";
				VERSION_INFO_PREFIX = "";
			};
			name = Debug;
		};
		C3CA081521994214000DBFAD /* Release */ = {
			isa = XCBuildConfiguration;
			buildSettings = {
				ALWAYS_SEARCH_USER_PATHS = NO;
				CLANG_ANALYZER_NONNULL = YES;
				CLANG_ANALYZER_NUMBER_OBJECT_CONVERSION = YES_AGGRESSIVE;
				CLANG_CXX_LANGUAGE_STANDARD = "gnu++14";
				CLANG_CXX_LIBRARY = "libc++";
				CLANG_ENABLE_MODULES = YES;
				CLANG_ENABLE_OBJC_ARC = YES;
				CLANG_ENABLE_OBJC_WEAK = YES;
				CLANG_WARN_BLOCK_CAPTURE_AUTORELEASING = YES;
				CLANG_WARN_BOOL_CONVERSION = YES;
				CLANG_WARN_COMMA = YES;
				CLANG_WARN_CONSTANT_CONVERSION = YES;
				CLANG_WARN_DEPRECATED_OBJC_IMPLEMENTATIONS = YES;
				CLANG_WARN_DIRECT_OBJC_ISA_USAGE = YES_ERROR;
				CLANG_WARN_DOCUMENTATION_COMMENTS = YES;
				CLANG_WARN_EMPTY_BODY = YES;
				CLANG_WARN_ENUM_CONVERSION = YES;
				CLANG_WARN_INFINITE_RECURSION = YES;
				CLANG_WARN_INT_CONVERSION = YES;
				CLANG_WARN_NON_LITERAL_NULL_CONVERSION = YES;
				CLANG_WARN_OBJC_IMPLICIT_RETAIN_SELF = YES;
				CLANG_WARN_OBJC_LITERAL_CONVERSION = YES;
				CLANG_WARN_OBJC_ROOT_CLASS = YES_ERROR;
				CLANG_WARN_RANGE_LOOP_ANALYSIS = YES;
				CLANG_WARN_STRICT_PROTOTYPES = YES;
				CLANG_WARN_SUSPICIOUS_MOVE = YES;
				CLANG_WARN_UNGUARDED_AVAILABILITY = YES_AGGRESSIVE;
				CLANG_WARN_UNREACHABLE_CODE = YES;
				CLANG_WARN__DUPLICATE_METHOD_MATCH = YES;
				CODE_SIGN_IDENTITY = "iPhone Developer";
				COPY_PHASE_STRIP = NO;
				CURRENT_PROJECT_VERSION = 1;
				DEBUG_INFORMATION_FORMAT = "dwarf-with-dsym";
				ENABLE_NS_ASSERTIONS = NO;
				ENABLE_STRICT_OBJC_MSGSEND = YES;
				GCC_C_LANGUAGE_STANDARD = gnu11;
				GCC_NO_COMMON_BLOCKS = YES;
				GCC_WARN_64_TO_32_BIT_CONVERSION = YES;
				GCC_WARN_ABOUT_RETURN_TYPE = YES_ERROR;
				GCC_WARN_UNDECLARED_SELECTOR = YES;
				GCC_WARN_UNINITIALIZED_AUTOS = YES_AGGRESSIVE;
				GCC_WARN_UNUSED_FUNCTION = YES;
				GCC_WARN_UNUSED_VARIABLE = YES;
				IPHONEOS_DEPLOYMENT_TARGET = 12.1;
				MTL_ENABLE_DEBUG_INFO = NO;
				MTL_FAST_MATH = YES;
				SDKROOT = iphoneos;
				SWIFT_COMPILATION_MODE = wholemodule;
				SWIFT_OPTIMIZATION_LEVEL = "-O";
				VALIDATE_PRODUCT = YES;
				VERSIONING_SYSTEM = "apple-generic";
				VERSION_INFO_PREFIX = "";
			};
			name = Release;
		};
		C3CA081721994214000DBFAD /* Debug */ = {
			isa = XCBuildConfiguration;
			buildSettings = {
				CLANG_ENABLE_MODULES = YES;
				CODE_SIGN_IDENTITY = "";
				CODE_SIGN_STYLE = Automatic;
				DEFINES_MODULE = YES;
				DYLIB_COMPATIBILITY_VERSION = 1;
				DYLIB_CURRENT_VERSION = 1;
				DYLIB_INSTALL_NAME_BASE = "@rpath";
				INFOPLIST_FILE = Sip.xcodeproj/Sip_Info.plist;
				INSTALL_PATH = "$(LOCAL_LIBRARY_DIR)/Frameworks";
				LD_RUNPATH_SEARCH_PATHS = (
					"$(inherited)",
					"@executable_path/Frameworks",
					"@loader_path/Frameworks",
				);
				PRODUCT_BUNDLE_IDENTIFIER = vdung.Sip;
				PRODUCT_NAME = "$(TARGET_NAME:c99extidentifier)";
				SDKROOT = macosx;
				SKIP_INSTALL = YES;
				SWIFT_OPTIMIZATION_LEVEL = "-Onone";
				SWIFT_VERSION = 4.2;
				TARGETED_DEVICE_FAMILY = "1,2";
			};
			name = Debug;
		};
		C3CA081821994214000DBFAD /* Release */ = {
			isa = XCBuildConfiguration;
			buildSettings = {
				CLANG_ENABLE_MODULES = YES;
				CODE_SIGN_IDENTITY = "";
				CODE_SIGN_STYLE = Automatic;
				DEFINES_MODULE = YES;
				DYLIB_COMPATIBILITY_VERSION = 1;
				DYLIB_CURRENT_VERSION = 1;
				DYLIB_INSTALL_NAME_BASE = "@rpath";
				INFOPLIST_FILE = Sip.xcodeproj/Sip_Info.plist;
				INSTALL_PATH = "$(LOCAL_LIBRARY_DIR)/Frameworks";
				LD_RUNPATH_SEARCH_PATHS = (
					"$(inherited)",
					"@executable_path/Frameworks",
					"@loader_path/Frameworks",
				);
				PRODUCT_BUNDLE_IDENTIFIER = vdung.Sip;
				PRODUCT_NAME = "$(TARGET_NAME:c99extidentifier)";
				SDKROOT = macosx;
				SKIP_INSTALL = YES;
				SWIFT_VERSION = 4.2;
				TARGETED_DEVICE_FAMILY = "1,2";
			};
			name = Release;
		};
		C3CA081A21994214000DBFAD /* Debug */ = {
			isa = XCBuildConfiguration;
			buildSettings = {
				ALWAYS_EMBED_SWIFT_STANDARD_LIBRARIES = YES;
				CODE_SIGN_IDENTITY = "-";
				CODE_SIGN_STYLE = Automatic;
				DEVELOPMENT_TEAM = "";
				INFOPLIST_FILE = Sip.xcodeproj/SipTests_Info.plist;
				LD_RUNPATH_SEARCH_PATHS = (
					"$(inherited)",
					"@executable_path/Frameworks",
					"@loader_path/Frameworks",
				);
				PRODUCT_BUNDLE_IDENTIFIER = vdung.SipTests;
				PRODUCT_NAME = "$(TARGET_NAME)";
				PROVISIONING_PROFILE_SPECIFIER = "";
				SDKROOT = macosx;
				SWIFT_VERSION = 4.2;
				TARGETED_DEVICE_FAMILY = "1,2";
			};
			name = Debug;
		};
		C3CA081B21994214000DBFAD /* Release */ = {
			isa = XCBuildConfiguration;
			buildSettings = {
				ALWAYS_EMBED_SWIFT_STANDARD_LIBRARIES = YES;
				CODE_SIGN_IDENTITY = "-";
				CODE_SIGN_STYLE = Automatic;
				DEVELOPMENT_TEAM = "";
				INFOPLIST_FILE = Sip.xcodeproj/SipTests_Info.plist;
				LD_RUNPATH_SEARCH_PATHS = (
					"$(inherited)",
					"@executable_path/Frameworks",
					"@loader_path/Frameworks",
				);
				PRODUCT_BUNDLE_IDENTIFIER = vdung.SipTests;
				PRODUCT_NAME = "$(TARGET_NAME)";
				PROVISIONING_PROFILE_SPECIFIER = "";
				SDKROOT = macosx;
				SWIFT_VERSION = 4.2;
				TARGETED_DEVICE_FAMILY = "1,2";
			};
			name = Release;
		};
		C3CA0864219AB5A4000DBFAD /* Debug */ = {
			isa = XCBuildConfiguration;
			buildSettings = {
				CODE_SIGN_IDENTITY = "-";
				CODE_SIGN_STYLE = Automatic;
				MACOSX_DEPLOYMENT_TARGET = 10.14;
				PRODUCT_NAME = "$(TARGET_NAME)";
				SDKROOT = macosx;
				SWIFT_VERSION = 4.2;
			};
			name = Debug;
		};
		C3CA0865219AB5A4000DBFAD /* Release */ = {
			isa = XCBuildConfiguration;
			buildSettings = {
				CODE_SIGN_IDENTITY = "-";
				CODE_SIGN_STYLE = Automatic;
				MACOSX_DEPLOYMENT_TARGET = 10.14;
				PRODUCT_NAME = "$(TARGET_NAME)";
				SDKROOT = macosx;
				SWIFT_VERSION = 4.2;
			};
			name = Release;
		};
/* End XCBuildConfiguration section */

/* Begin XCConfigurationList section */
		C3B051B0219BE2DF00762674 /* Build configuration list for PBXNativeTarget "SipCocoa" */ = {
			isa = XCConfigurationList;
			buildConfigurations = (
				C3B051B1219BE2DF00762674 /* Debug */,
				C3B051B2219BE2DF00762674 /* Release */,
			);
			defaultConfigurationIsVisible = 0;
			defaultConfigurationName = Release;
		};
		C3CA07FC21994214000DBFAD /* Build configuration list for PBXProject "Sip" */ = {
			isa = XCConfigurationList;
			buildConfigurations = (
				C3CA081421994214000DBFAD /* Debug */,
				C3CA081521994214000DBFAD /* Release */,
			);
			defaultConfigurationIsVisible = 0;
			defaultConfigurationName = Release;
		};
		C3CA081621994214000DBFAD /* Build configuration list for PBXNativeTarget "Sip" */ = {
			isa = XCConfigurationList;
			buildConfigurations = (
				C3CA081721994214000DBFAD /* Debug */,
				C3CA081821994214000DBFAD /* Release */,
			);
			defaultConfigurationIsVisible = 0;
			defaultConfigurationName = Release;
		};
		C3CA081921994214000DBFAD /* Build configuration list for PBXNativeTarget "SipTests" */ = {
			isa = XCConfigurationList;
			buildConfigurations = (
				C3CA081A21994214000DBFAD /* Debug */,
				C3CA081B21994214000DBFAD /* Release */,
			);
			defaultConfigurationIsVisible = 0;
			defaultConfigurationName = Release;
		};
		C3CA0866219AB5A4000DBFAD /* Build configuration list for PBXNativeTarget "SipGen" */ = {
			isa = XCConfigurationList;
			buildConfigurations = (
				C3CA0864219AB5A4000DBFAD /* Debug */,
				C3CA0865219AB5A4000DBFAD /* Release */,
			);
			defaultConfigurationIsVisible = 0;
			defaultConfigurationName = Release;
		};
/* End XCConfigurationList section */
	};
	rootObject = C3CA07F921994214000DBFAD /* Project object */;
}
